{
    "_meta": {
        "hash": {
            "sha256": "972643ff7c78db5279232c1007cf23c63c0ca9ac1d5b04dda4db06a47f89d044"
        },
        "pipfile-spec": 6,
        "requires": {
            "python_version": "3.9"
        },
        "sources": [
            {
                "name": "pypi",
                "url": "https://pypi.org/simple",
                "verify_ssl": true
            }
        ]
    },
    "default": {
        "arrow": {
            "hashes": [
                "sha256:77a60a4db5766d900a2085ce9074c5c7b8e2c99afeaa98ad627637ff6f292510",
                "sha256:dee7602f6c60e3ec510095b5e301441bc56288cb8f51def14dcb3079f623823a"
            ],
            "index": "pypi",
            "version": "==1.1.1"
        },
        "construct": {
            "hashes": [
                "sha256:730235fedf4f2fee5cfadda1d14b83ef1bf23790fb1cc579073e10f70a050883"
            ],
            "index": "pypi",
            "version": "==2.10.67"
        },
        "construct-typing": {
            "hashes": [
                "sha256:c6d6af9a84cb00116d1a205f1b53cf0261748e504a41cc1da269d95dbccaeb44",
                "sha256:ed0b2bbbce1d4b31d184886320cec0fee6748f0ae329ceb307d08263a2205266"
            ],
            "index": "pypi",
            "version": "==0.5.1"
        },
        "python-dateutil": {
            "hashes": [
                "sha256:0123cacc1627ae19ddf3c27a5de5bd67ee4586fbdd6440d9748f8abb483d3e86",
                "sha256:961d03dc3453ebbc59dbdea9e4e11c5651520a876d0f4db161e8674aae935da9"
            ],
            "markers": "python_version >= '2.7' and python_version not in '3.0, 3.1, 3.2, 3.3'",
            "version": "==2.8.2"
        },
        "six": {
            "hashes": [
                "sha256:1e61c37477a1626458e36f7b1d82aa5c9b094fa4802892072e49de9c60c4c926",
                "sha256:8abb2f1d86890a2dfb989f9a77cfcfd3e47c2a354b01111771326f8aa26e0254"
            ],
            "markers": "python_version >= '2.7' and python_version not in '3.0, 3.1, 3.2, 3.3'",
            "version": "==1.16.0"
        }
    },
    "develop": {}
}
